{
  "version": 4,
  "terraform_version": "1.11.3",
  "serial": 99,
  "lineage": "6eb79250-bf8b-4665-7a1b-4035506345ec",
  "outputs": {},
  "resources": [
    {
      "module": "module.service_account_permissions",
      "mode": "managed",
      "type": "google_project_iam_custom_role",
      "name": "cyngular_readonly_role",
      "provider": "provider[\"registry.terraform.io/hashicorp/google\"]",
      "instances": [
        {
          "schema_version": 0,
          "attributes": {
            "deleted": false,
            "description": "Cyngular ReadOnly Role",
            "id": "projects/client-a-456213/roles/CyngularReadOnlyRole",
            "name": "projects/client-a-456213/roles/CyngularReadOnlyRole",
            "permissions": [
              "compute.images.list",
              "iam.roles.get",
              "iam.roles.list"
            ],
            "project": "client-a-456213",
            "role_id": "CyngularReadOnlyRole",
            "stage": "GA",
            "title": "Cyngular ReadOnly Role"
          },
          "sensitive_attributes": [],
          "private": "bnVsbA=="
        }
      ]
    },
    {
      "module": "module.service_account_permissions",
      "mode": "managed",
      "type": "google_project_iam_member",
      "name": "roles",
      "provider": "provider[\"registry.terraform.io/hashicorp/google\"]",
      "instances": [
        {
          "schema_version": 0,
          "attributes": {
            "condition": [],
            "etag": "BwYybcmF6rM=",
            "id": "client-a-456213/projects/client-a-456213/roles/CyngularReadOnlyRole/serviceAccount:cyngular-sa@develop-370223.iam.gserviceaccount.com",
            "member": "serviceAccount:cyngular-sa@develop-370223.iam.gserviceaccount.com",
            "project": "client-a-456213",
            "role": "projects/client-a-456213/roles/CyngularReadOnlyRole"
          },
          "sensitive_attributes": [],
          "private": "bnVsbA==",
          "dependencies": [
            "module.service_account_permissions.google_project_iam_custom_role.cyngular_readonly_role"
          ]
        }
      ]
    }
  ],
  "check_results": null
}
